// !$*UTF8*$!
{
	archiveVersion = 1;
	classes = {
	};
	objectVersion = 46;
	objects = {

/* Begin PBXBuildFile section */
		52947BD81B25BC5E008FCFCC /* AppDelegate.swift in Sources */ = {isa = PBXBuildFile; fileRef = 52947BD71B25BC5E008FCFCC /* AppDelegate.swift */; };
		52947BDA1B25BC5E008FCFCC /* ViewController.swift in Sources */ = {isa = PBXBuildFile; fileRef = 52947BD91B25BC5E008FCFCC /* ViewController.swift */; };
		52947BDD1B25BC5E008FCFCC /* Main.storyboard in Resources */ = {isa = PBXBuildFile; fileRef = 52947BDB1B25BC5E008FCFCC /* Main.storyboard */; };
		52947BDF1B25BC5E008FCFCC /* Images.xcassets in Resources */ = {isa = PBXBuildFile; fileRef = 52947BDE1B25BC5E008FCFCC /* Images.xcassets */; };
		52947BE21B25BC5E008FCFCC /* LaunchScreen.xib in Resources */ = {isa = PBXBuildFile; fileRef = 52947BE01B25BC5E008FCFCC /* LaunchScreen.xib */; };
		52947BEE1B25BC5E008FCFCC /* eggplant_brownieTests.swift in Sources */ = {isa = PBXBuildFile; fileRef = 52947BED1B25BC5E008FCFCC /* eggplant_brownieTests.swift */; };
/* End PBXBuildFile section */

/* Begin PBXContainerItemProxy section */
		52947BE81B25BC5E008FCFCC /* PBXContainerItemProxy */ = {
			isa = PBXContainerItemProxy;
			containerPortal = 52947BCA1B25BC5E008FCFCC /* Project object */;
			proxyType = 1;
			remoteGlobalIDString = 52947BD11B25BC5E008FCFCC;
			remoteInfo = "eggplant-brownie";
		};
/* End PBXContainerItemProxy section */

/* Begin PBXFileReference section */
		52947BD21B25BC5E008FCFCC /* eggplant-brownie.app */ = {isa = PBXFileReference; explicitFileType = wrapper.application; includeInIndex = 0; path = "eggplant-brownie.app"; sourceTree = BUILT_PRODUCTS_DIR; };
		52947BD61B25BC5E008FCFCC /* Info.plist */ = {isa = PBXFileReference; lastKnownFileType = text.plist.xml; path = Info.plist; sourceTree = "<group>"; };
		52947BD71B25BC5E008FCFCC /* AppDelegate.swift */ = {isa = PBXFileReference; lastKnownFileType = sourcecode.swift; path = AppDelegate.swift; sourceTree = "<group>"; };
		52947BD91B25BC5E008FCFCC /* ViewController.swift */ = {isa = PBXFileReference; lastKnownFileType = sourcecode.swift; path = ViewController.swift; sourceTree = "<group>"; };
		52947BDC1B25BC5E008FCFCC /* Base */ = {isa = PBXFileReference; lastKnownFileType = file.storyboard; name = Base; path = Base.lproj/Main.storyboard; sourceTree = "<group>"; };
		52947BDE1B25BC5E008FCFCC /* Images.xcassets */ = {isa = PBXFileReference; lastKnownFileType = folder.assetcatalog; path = Images.xcassets; sourceTree = "<group>"; };
		52947BE11B25BC5E008FCFCC /* Base */ = {isa = PBXFileReference; lastKnownFileType = file.xib; name = Base; path = Base.lproj/LaunchScreen.xib; sourceTree = "<group>"; };
		52947BE71B25BC5E008FCFCC /* eggplant-brownieTests.xctest */ = {isa = PBXFileReference; explicitFileType = wrapper.cfbundle; includeInIndex = 0; path = "eggplant-brownieTests.xctest"; sourceTree = BUILT_PRODUCTS_DIR; };
		52947BEC1B25BC5E008FCFCC /* Info.plist */ = {isa = PBXFileReference; lastKnownFileType = text.plist.xml; path = Info.plist; sourceTree = "<group>"; };
		52947BED1B25BC5E008FCFCC /* eggplant_brownieTests.swift */ = {isa = PBXFileReference; lastKnownFileType = sourcecode.swift; path = eggplant_brownieTests.swift; sourceTree = "<group>"; };
/* End PBXFileReference section */

/* Begin PBXFrameworksBuildPhase section */
		52947BCF1B25BC5E008FCFCC /* Frameworks */ = {
			isa = PBXFrameworksBuildPhase;
			buildActionMask = 2147483647;
			files = (
			);
			runOnlyForDeploymentPostprocessing = 0;
		};
		52947BE41B25BC5E008FCFCC /* Frameworks */ = {
			isa = PBXFrameworksBuildPhase;
			buildActionMask = 2147483647;
			files = (
			);
			runOnlyForDeploymentPostprocessing = 0;
		};
/* End PBXFrameworksBuildPhase section */

/* Begin PBXGroup section */
		52947BC91B25BC5E008FCFCC = {
			isa = PBXGroup;
			children = (
				52947BD41B25BC5E008FCFCC /* eggplant-brownie */,
				52947BEA1B25BC5E008FCFCC /* eggplant-brownieTests */,
				52947BD31B25BC5E008FCFCC /* Products */,
			);
			sourceTree = "<group>";
		};
		52947BD31B25BC5E008FCFCC /* Products */ = {
			isa = PBXGroup;
			children = (
				52947BD21B25BC5E008FCFCC /* eggplant-brownie.app */,
				52947BE71B25BC5E008FCFCC /* eggplant-brownieTests.xctest */,
			);
			name = Products;
			sourceTree = "<group>";
		};
		52947BD41B25BC5E008FCFCC /* eggplant-brownie */ = {
			isa = PBXGroup;
			children = (
				52947BD71B25BC5E008FCFCC /* AppDelegate.swift */,
				52947BD91B25BC5E008FCFCC /* ViewController.swift */,
				52947BDB1B25BC5E008FCFCC /* Main.storyboard */,
				52947BDE1B25BC5E008FCFCC /* Images.xcassets */,
				52947BE01B25BC5E008FCFCC /* LaunchScreen.xib */,
				52947BD51B25BC5E008FCFCC /* Supporting Files */,
			);
			path = "eggplant-brownie";
			sourceTree = "<group>";
		};
		52947BD51B25BC5E008FCFCC /* Supporting Files */ = {
			isa = PBXGroup;
			children = (
				52947BD61B25BC5E008FCFCC /* Info.plist */,
			);
			name = "Supporting Files";
			sourceTree = "<group>";
		};
		52947BEA1B25BC5E008FCFCC /* eggplant-brownieTests */ = {
			isa = PBXGroup;
			children = (
				52947BED1B25BC5E008FCFCC /* eggplant_brownieTests.swift */,
				52947BEB1B25BC5E008FCFCC /* Supporting Files */,
			);
			path = "eggplant-brownieTests";
			sourceTree = "<group>";
		};
		52947BEB1B25BC5E008FCFCC /* Supporting Files */ = {
			isa = PBXGroup;
			children = (
				52947BEC1B25BC5E008FCFCC /* Info.plist */,
			);
			name = "Supporting Files";
			sourceTree = "<group>";
		};
/* End PBXGroup section */

/* Begin PBXNativeTarget section */
		52947BD11B25BC5E008FCFCC /* eggplant-brownie */ = {
			isa = PBXNativeTarget;
			buildConfigurationList = 52947BF11B25BC5E008FCFCC /* Build configuration list for PBXNativeTarget "eggplant-brownie" */;
			buildPhases = (
				52947BCE1B25BC5E008FCFCC /* Sources */,
				52947BCF1B25BC5E008FCFCC /* Frameworks */,
				52947BD01B25BC5E008FCFCC /* Resources */,
			);
			buildRules = (
			);
			dependencies = (
			);
			name = "eggplant-brownie";
			productName = "eggplant-brownie";
			productReference = 52947BD21B25BC5E008FCFCC /* eggplant-brownie.app */;
			productType = "com.apple.product-type.application";
		};
		52947BE61B25BC5E008FCFCC /* eggplant-brownieTests */ = {
			isa = PBXNativeTarget;
			buildConfigurationList = 52947BF41B25BC5E008FCFCC /* Build configuration list for PBXNativeTarget "eggplant-brownieTests" */;
			buildPhases = (
				52947BE31B25BC5E008FCFCC /* Sources */,
				52947BE41B25BC5E008FCFCC /* Frameworks */,
				52947BE51B25BC5E008FCFCC /* Resources */,
			);
			buildRules = (
			);
			dependencies = (
				52947BE91B25BC5E008FCFCC /* PBXTargetDependency */,
			);
			name = "eggplant-brownieTests";
			productName = "eggplant-brownieTests";
			productReference = 52947BE71B25BC5E008FCFCC /* eggplant-brownieTests.xctest */;
			productType = "com.apple.product-type.bundle.unit-test";
		};
/* End PBXNativeTarget section */

/* Begin PBXProject section */
		52947BCA1B25BC5E008FCFCC /* Project object */ = {
			isa = PBXProject;
			attributes = {
				LastUpgradeCheck = 0630;
				ORGANIZATIONNAME = "Thiago Santos";
				TargetAttributes = {
					52947BD11B25BC5E008FCFCC = {
						CreatedOnToolsVersion = 6.3.2;
					};
					52947BE61B25BC5E008FCFCC = {
						CreatedOnToolsVersion = 6.3.2;
						TestTargetID = 52947BD11B25BC5E008FCFCC;
					};
				};
			};
			buildConfigurationList = 52947BCD1B25BC5E008FCFCC /* Build configuration list for PBXProject "eggplant-brownie" */;
			compatibilityVersion = "Xcode 3.2";
			developmentRegion = English;
			hasScannedForEncodings = 0;
			knownRegions = (
				en,
				Base,
			);
			mainGroup = 52947BC91B25BC5E008FCFCC;
			productRefGroup = 52947BD31B25BC5E008FCFCC /* Products */;
			projectDirPath = "";
			projectRoot = "";
			targets = (
				52947BD11B25BC5E008FCFCC /* eggplant-brownie */,
				52947BE61B25BC5E008FCFCC /* eggplant-brownieTests */,
			);
		};
/* End PBXProject section */

/* Begin PBXResourcesBuildPhase section */
		52947BD01B25BC5E008FCFCC /* Resources */ = {
			isa = PBXResourcesBuildPhase;
			buildActionMask = 2147483647;
			files = (
				52947BDD1B25BC5E008FCFCC /* Main.storyboard in Resources */,
				52947BE21B25BC5E008FCFCC /* LaunchScreen.xib in Resources */,
				52947BDF1B25BC5E008FCFCC /* Images.xcassets in Resources */,
			);
			runOnlyForDeploymentPostprocessing = 0;
		};
		52947BE51B25BC5E008FCFCC /* Resources */ = {
			isa = PBXResourcesBuildPhase;
			buildActionMask = 2147483647;
			files = (
			);
			runOnlyForDeploymentPostprocessing = 0;
		};
/* End PBXResourcesBuildPhase section */

/* Begin PBXSourcesBuildPhase section */
		52947BCE1B25BC5E008FCFCC /* Sources */ = {
			isa = PBXSourcesBuildPhase;
			buildActionMask = 2147483647;
			files = (
				52947BDA1B25BC5E008FCFCC /* ViewController.swift in Sources */,
				52947BD81B25BC5E008FCFCC /* AppDelegate.swift in Sources */,
			);
			runOnlyForDeploymentPostprocessing = 0;
		};
		52947BE31B25BC5E008FCFCC /* Sources */ = {
			isa = PBXSourcesBuildPhase;
			buildActionMask = 2147483647;
			files = (
				52947BEE1B25BC5E008FCFCC /* eggplant_brownieTests.swift in Sources */,
			);
			runOnlyForDeploymentPostprocessing = 0;
		};
/* End PBXSourcesBuildPhase section */

/* Begin PBXTargetDependency section */
		52947BE91B25BC5E008FCFCC /* PBXTargetDependency */ = {
			isa = PBXTargetDependency;
			target = 52947BD11B25BC5E008FCFCC /* eggplant-brownie */;
			targetProxy = 52947BE81B25BC5E008FCFCC /* PBXContainerItemProxy */;
		};
/* End PBXTargetDependency section */

/* Begin PBXVariantGroup section */
		52947BDB1B25BC5E008FCFCC /* Main.storyboard */ = {
			isa = PBXVariantGroup;
			children = (
				52947BDC1B25BC5E008FCFCC /* Base */,
			);
			name = Main.storyboard;
			sourceTree = "<group>";
		};
		52947BE01B25BC5E008FCFCC /* LaunchScreen.xib */ = {
			isa = PBXVariantGroup;
			children = (
				52947BE11B25BC5E008FCFCC /* Base */,
			);
			name = LaunchScreen.xib;
			sourceTree = "<group>";
		};
/* End PBXVariantGroup section */

/* Begin XCBuildConfiguration section */
		52947BEF1B25BC5E008FCFCC /* Debug */ = {
			isa = XCBuildConfiguration;
			buildSettings = {
				ALWAYS_SEARCH_USER_PATHS = NO;
				CLANG_CXX_LANGUAGE_STANDARD = "gnu++0x";
				CLANG_CXX_LIBRARY = "libc++";
				CLANG_ENABLE_MODULES = YES;
				CLANG_ENABLE_OBJC_ARC = YES;
				CLANG_WARN_BOOL_CONVERSION = YES;
				CLANG_WARN_CONSTANT_CONVERSION = YES;
				CLANG_WARN_DIRECT_OBJC_ISA_USAGE = YES_ERROR;
				CLANG_WARN_EMPTY_BODY = YES;
				CLANG_WARN_ENUM_CONVERSION = YES;
				CLANG_WARN_INT_CONVERSION = YES;
				CLANG_WARN_OBJC_ROOT_CLASS = YES_ERROR;
				CLANG_WARN_UNREACHABLE_CODE = YES;
				CLANG_WARN__DUPLICATE_METHOD_MATCH = YES;
				"CODE_SIGN_IDENTITY[sdk=iphoneos*]" = "iPhone Developer";
				COPY_PHASE_STRIP = NO;
				DEBUG_INFORMATION_FORMAT = "dwarf-with-dsym";
				ENABLE_STRICT_OBJC_MSGSEND = YES;
				GCC_C_LANGUAGE_STANDARD = gnu99;
				GCC_DYNAMIC_NO_PIC = NO;
				GCC_NO_COMMON_BLOCKS = YES;
				GCC_OPTIMIZATION_LEVEL = 0;
				GCC_PREPROCESSOR_DEFINITIONS = (
					"DEBUG=1",
					"$(inherited)",
				);
				GCC_SYMBOLS_PRIVATE_EXTERN = NO;
				GCC_WARN_64_TO_32_BIT_CONVERSION = YES;
				GCC_WARN_ABOUT_RETURN_TYPE = YES_ERROR;
				GCC_WARN_UNDECLARED_SELECTOR = YES;
				GCC_WARN_UNINITIALIZED_AUTOS = YES_AGGRESSIVE;
				GCC_WARN_UNUSED_FUNCTION = YES;
				GCC_WARN_UNUSED_VARIABLE = YES;
				IPHONEOS_DEPLOYMENT_TARGET = 8.3;
				MTL_ENABLE_DEBUG_INFO = YES;
				ONLY_ACTIVE_ARCH = YES;
				SDKROOT = iphoneos;
				SWIFT_OPTIMIZATION_LEVEL = "-Onone";
			};
			name = Debug;
		};
		52947BF01B25BC5E008FCFCC /* Release */ = {
			isa = XCBuildConfiguration;
			buildSettings = {
				ALWAYS_SEARCH_USER_PATHS = NO;
				CLANG_CXX_LANGUAGE_STANDARD = "gnu++0x";
				CLANG_CXX_LIBRARY = "libc++";
				CLANG_ENABLE_MODULES = YES;
				CLANG_ENABLE_OBJC_ARC = YES;
				CLANG_WARN_BOOL_CONVERSION = YES;
				CLANG_WARN_CONSTANT_CONVERSION = YES;
				CLANG_WARN_DIRECT_OBJC_ISA_USAGE = YES_ERROR;
				CLANG_WARN_EMPTY_BODY = YES;
				CLANG_WARN_ENUM_CONVERSION = YES;
				CLANG_WARN_INT_CONVERSION = YES;
				CLANG_WARN_OBJC_ROOT_CLASS = YES_ERROR;
				CLANG_WARN_UNREACHABLE_CODE = YES;
				CLANG_WARN__DUPLICATE_METHOD_MATCH = YES;
				"CODE_SIGN_IDENTITY[sdk=iphoneos*]" = "iPhone Developer";
				COPY_PHASE_STRIP = NO;
				DEBUG_INFORMATION_FORMAT = "dwarf-with-dsym";
				ENABLE_NS_ASSERTIONS = NO;
				ENABLE_STRICT_OBJC_MSGSEND = YES;
				GCC_C_LANGUAGE_STANDARD = gnu99;
				GCC_NO_COMMON_BLOCKS = YES;
				GCC_WARN_64_TO_32_BIT_CONVERSION = YES;
				GCC_WARN_ABOUT_RETURN_TYPE = YES_ERROR;
				GCC_WARN_UNDECLARED_SELECTOR = YES;
				GCC_WARN_UNINITIALIZED_AUTOS = YES_AGGRESSIVE;
				GCC_WARN_UNUSED_FUNCTION = YES;
				GCC_WARN_UNUSED_VARIABLE = YES;
				IPHONEOS_DEPLOYMENT_TARGET = 8.3;
				MTL_ENABLE_DEBUG_INFO = NO;
				SDKROOT = iphoneos;
				VALIDATE_PRODUCT = YES;
			};
			name = Release;
		};
		52947BF21B25BC5E008FCFCC /* Debug */ = {
			isa = XCBuildConfiguration;
			buildSettings = {
				ASSETCATALOG_COMPILER_APPICON_NAME = AppIcon;
				INFOPLIST_FILE = "eggplant-brownie/Info.plist";
				LD_RUNPATH_SEARCH_PATHS = "$(inherited) @executable_path/Frameworks";
				PRODUCT_NAME = "$(TARGET_NAME)";
			};
			name = Debug;
		};
		52947BF31B25BC5E008FCFCC /* Release */ = {
			isa = XCBuildConfiguration;
			buildSettings = {
				ASSETCATALOG_COMPILER_APPICON_NAME = AppIcon;
				INFOPLIST_FILE = "eggplant-brownie/Info.plist";
				LD_RUNPATH_SEARCH_PATHS = "$(inherited) @executable_path/Frameworks";
				PRODUCT_NAME = "$(TARGET_NAME)";
			};
			name = Release;
		};
		52947BF51B25BC5E008FCFCC /* Debug */ = {
			isa = XCBuildConfiguration;
			buildSettings = {
				BUNDLE_LOADER = "$(TEST_HOST)";
				FRAMEWORK_SEARCH_PATHS = (
					"$(SDKROOT)/Developer/Library/Frameworks",
					"$(inherited)",
				);
				GCC_PREPROCESSOR_DEFINITIONS = (
					"DEBUG=1",
					"$(inherited)",
				);
				INFOPLIST_FILE = "eggplant-brownieTests/Info.plist";
				LD_RUNPATH_SEARCH_PATHS = "$(inherited) @executable_path/Frameworks @loader_path/Frameworks";
				PRODUCT_NAME = "$(TARGET_NAME)";
				TEST_HOST = "$(BUILT_PRODUCTS_DIR)/eggplant-brownie.app/eggplant-brownie";
			};
			name = Debug;
		};
		52947BF61B25BC5E008FCFCC /* Release */ = {
			isa = XCBuildConfiguration;
			buildSettings = {
				BUNDLE_LOADER = "$(TEST_HOST)";
				FRAMEWORK_SEARCH_PATHS = (
					"$(SDKROOT)/Developer/Library/Frameworks",
					"$(inherited)",
				);
				INFOPLIST_FILE = "eggplant-brownieTests/Info.plist";
				LD_RUNPATH_SEARCH_PATHS = "$(inherited) @executable_path/Frameworks @loader_path/Frameworks";
				PRODUCT_NAME = "$(TARGET_NAME)";
				TEST_HOST = "$(BUILT_PRODUCTS_DIR)/eggplant-brownie.app/eggplant-brownie";
			};
			name = Release;
		};
/* End XCBuildConfiguration section */

/* Begin XCConfigurationList section */
		52947BCD1B25BC5E008FCFCC /* Build configuration list for PBXProject "eggplant-brownie" */ = {
			isa = XCConfigurationList;
			buildConfigurations = (
				52947BEF1B25BC5E008FCFCC /* Debug */,
				52947BF01B25BC5E008FCFCC /* Release */,
			);
			defaultConfigurationIsVisible = 0;
			defaultConfigurationName = Release;
		};
		52947BF11B25BC5E008FCFCC /* Build configuration list for PBXNativeTarget "eggplant-brownie" */ = {
			isa = XCConfigurationList;
			buildConfigurations = (
				52947BF21B25BC5E008FCFCC /* Debug */,
				52947BF31B25BC5E008FCFCC /* Release */,
			);
			defaultConfigurationIsVisible = 0;
		};
		52947BF41B25BC5E008FCFCC /* Build configuration list for PBXNativeTarget "eggplant-brownieTests" */ = {
			isa = XCConfigurationList;
			buildConfigurations = (
				52947BF51B25BC5E008FCFCC /* Debug */,
				52947BF61B25BC5E008FCFCC /* Release */,
			);
			defaultConfigurationIsVisible = 0;
		};
/* End XCConfigurationList section */
	};
	rootObject = 52947BCA1B25BC5E008FCFCC /* Project object */;
}
